
Microsoft Visual Studio Solution File, Format Version 12.00
# Visual Studio Version 17
VisualStudioVersion = 17.8.34330.188
MinimumVisualStudioVersion = 10.0.40219.1
Project("{9A19103F-16F7-4668-BE54-9A1E7A4F7556}") = "PointsOfInterest.API", "PointsOfInterest.API\PointsOfInterest.API.csproj", "{E4EB837A-51CE-4A55-ACDF-6AA3A078E04C}"
EndProject
Project("{9A19103F-16F7-4668-BE54-9A1E7A4F7556}") = "PointsOfInterest.Domain", "PointsOfInterest.Domain\PointsOfInterest.Domain.csproj", "{4F40F10A-C135-4FB9-825D-BAD611BE390F}"
EndProject
Project("{9A19103F-16F7-4668-BE54-9A1E7A4F7556}") = "PointsOfInterest.Infrastructure", "PointsOfInterest.Infrastructure\PointsOfInterest.Infrastructure.csproj", "{F097FB9F-C4E4-44E6-A71D-DA3B9A3B292C}"
EndProject
Project("{9A19103F-16F7-4668-BE54-9A1E7A4F7556}") = "PointsOfInterest.Application", "PointsOfInterest.Application\PointsOfInterest.Application.csproj", "{9814A25A-9E77-44C2-81F6-2F69AA4CDE27}"
EndProject
Global
	GlobalSection(SolutionConfigurationPlatforms) = preSolution
		Debug|Any CPU = Debug|Any CPU
		Release|Any CPU = Release|Any CPU
	EndGlobalSection
	GlobalSection(ProjectConfigurationPlatforms) = postSolution
		{E4EB837A-51CE-4A55-ACDF-6AA3A078E04C}.Debug|Any CPU.ActiveCfg = Debug|Any CPU
		{E4EB837A-51CE-4A55-ACDF-6AA3A078E04C}.Debug|Any CPU.Build.0 = Debug|Any CPU
		{E4EB837A-51CE-4A55-ACDF-6AA3A078E04C}.Release|Any CPU.ActiveCfg = Release|Any CPU
		{E4EB837A-51CE-4A55-ACDF-6AA3A078E04C}.Release|Any CPU.Build.0 = Release|Any CPU
		{4F40F10A-C135-4FB9-825D-BAD611BE390F}.Debug|Any CPU.ActiveCfg = Debug|Any CPU
		{4F40F10A-C135-4FB9-825D-BAD611BE390F}.Debug|Any CPU.Build.0 = Debug|Any CPU
		{4F40F10A-C135-4FB9-825D-BAD611BE390F}.Release|Any CPU.ActiveCfg = Release|Any CPU
		{4F40F10A-C135-4FB9-825D-BAD611BE390F}.Release|Any CPU.Build.0 = Release|Any CPU
		{F097FB9F-C4E4-44E6-A71D-DA3B9A3B292C}.Debug|Any CPU.ActiveCfg = Debug|Any CPU
		{F097FB9F-C4E4-44E6-A71D-DA3B9A3B292C}.Debug|Any CPU.Build.0 = Debug|Any CPU
		{F097FB9F-C4E4-44E6-A71D-DA3B9A3B292C}.Release|Any CPU.ActiveCfg = Release|Any CPU
		{F097FB9F-C4E4-44E6-A71D-DA3B9A3B292C}.Release|Any CPU.Build.0 = Release|Any CPU
		{9814A25A-9E77-44C2-81F6-2F69AA4CDE27}.Debug|Any CPU.ActiveCfg = Debug|Any CPU
		{9814A25A-9E77-44C2-81F6-2F69AA4CDE27}.Debug|Any CPU.Build.0 = Debug|Any CPU
		{9814A25A-9E77-44C2-81F6-2F69AA4CDE27}.Release|Any CPU.ActiveCfg = Release|Any CPU
		{9814A25A-9E77-44C2-81F6-2F69AA4CDE27}.Release|Any CPU.Build.0 = Release|Any CPU
	EndGlobalSection
	GlobalSection(SolutionProperties) = preSolution
		HideSolutionNode = FALSE
	EndGlobalSection
	GlobalSection(ExtensibilityGlobals) = postSolution
		SolutionGuid = {C642EB4B-2F23-4991-A929-38F5FAE2D974}
	EndGlobalSection
EndGlobal
